
Microsoft Visual Studio Solution File, Format Version 12.00
Project("{FAE04EC0-301F-11D3-BF4B-00C04F79EFBC}") = "Lesson2", "Lesson2.csproj", "{67DF5754-CC40-4E33-B47D-3E51C54BDC98}"
EndProject
Global
	GlobalSection(SolutionConfigurationPlatforms) = preSolution
		Debug|Any CPU = Debug|Any CPU
		Release|Any CPU = Release|Any CPU
	EndGlobalSection
	GlobalSection(ProjectConfigurationPlatforms) = postSolution
		{67DF5754-CC40-4E33-B47D-3E51C54BDC98}.Debug|Any CPU.ActiveCfg = Debug|Any CPU
		{67DF5754-CC40-4E33-B47D-3E51C54BDC98}.Debug|Any CPU.Build.0 = Debug|Any CPU
		{67DF5754-CC40-4E33-B47D-3E51C54BDC98}.Release|Any CPU.ActiveCfg = Release|Any CPU
		{67DF5754-CC40-4E33-B47D-3E51C54BDC98}.Release|Any CPU.Build.0 = Release|Any CPU
	EndGlobalSection
	GlobalSection(NestedProjects) = preSolution
	EndGlobalSection
EndGlobal
